
Microsoft Visual Studio Solution File, Format Version 12.00
# Visual Studio 15
VisualStudioVersion = 15.0.26124.0
MinimumVisualStudioVersion = 15.0.26124.0
Project("{2150E333-8FDC-42A3-9474-1A3956D46DE8}") = "src", "src", "{01764EFE-B10B-4727-AFA3-4D7C04540253}"
EndProject
Project("{FAE04EC0-301F-11D3-BF4B-00C04F79EFBC}") = "Manager.API", "src\Manager.API\Manager.API.csproj", "{287FEF56-9D8B-4403-8A99-A5A7905F8843}"
EndProject
Project("{FAE04EC0-301F-11D3-BF4B-00C04F79EFBC}") = "Manager.Domain", "src\Manager.Domain\Manager.Domain.csproj", "{827248BF-AA0A-4DD5-9EB2-20BC740184B7}"
EndProject
Project("{FAE04EC0-301F-11D3-BF4B-00C04F79EFBC}") = "Manager.Core", "src\Manager.Core\Manager.Core.csproj", "{F413AB73-BF9A-4E1D-A29A-0725E73027D1}"
EndProject
Project("{FAE04EC0-301F-11D3-BF4B-00C04F79EFBC}") = "Manager.Services", "src\Manager.Services\Manager.Services.csproj", "{20C2537F-8EE7-4B49-A665-CFFAB85579BC}"
EndProject
Project("{FAE04EC0-301F-11D3-BF4B-00C04F79EFBC}") = "Manager.Infra", "src\Manager.Infra\Manager.Infra.csproj", "{85AE52FF-0B82-4D32-852B-17F4E4558126}"
EndProject
Global
	GlobalSection(SolutionConfigurationPlatforms) = preSolution
		Debug|Any CPU = Debug|Any CPU
		Debug|x64 = Debug|x64
		Debug|x86 = Debug|x86
		Release|Any CPU = Release|Any CPU
		Release|x64 = Release|x64
		Release|x86 = Release|x86
	EndGlobalSection
	GlobalSection(SolutionProperties) = preSolution
		HideSolutionNode = FALSE
	EndGlobalSection
	GlobalSection(ProjectConfigurationPlatforms) = postSolution
		{287FEF56-9D8B-4403-8A99-A5A7905F8843}.Debug|Any CPU.ActiveCfg = Debug|Any CPU
		{287FEF56-9D8B-4403-8A99-A5A7905F8843}.Debug|Any CPU.Build.0 = Debug|Any CPU
		{287FEF56-9D8B-4403-8A99-A5A7905F8843}.Debug|x64.ActiveCfg = Debug|Any CPU
		{287FEF56-9D8B-4403-8A99-A5A7905F8843}.Debug|x64.Build.0 = Debug|Any CPU
		{287FEF56-9D8B-4403-8A99-A5A7905F8843}.Debug|x86.ActiveCfg = Debug|Any CPU
		{287FEF56-9D8B-4403-8A99-A5A7905F8843}.Debug|x86.Build.0 = Debug|Any CPU
		{287FEF56-9D8B-4403-8A99-A5A7905F8843}.Release|Any CPU.ActiveCfg = Release|Any CPU
		{287FEF56-9D8B-4403-8A99-A5A7905F8843}.Release|Any CPU.Build.0 = Release|Any CPU
		{287FEF56-9D8B-4403-8A99-A5A7905F8843}.Release|x64.ActiveCfg = Release|Any CPU
		{287FEF56-9D8B-4403-8A99-A5A7905F8843}.Release|x64.Build.0 = Release|Any CPU
		{287FEF56-9D8B-4403-8A99-A5A7905F8843}.Release|x86.ActiveCfg = Release|Any CPU
		{287FEF56-9D8B-4403-8A99-A5A7905F8843}.Release|x86.Build.0 = Release|Any CPU
		{827248BF-AA0A-4DD5-9EB2-20BC740184B7}.Debug|Any CPU.ActiveCfg = Debug|Any CPU
		{827248BF-AA0A-4DD5-9EB2-20BC740184B7}.Debug|Any CPU.Build.0 = Debug|Any CPU
		{827248BF-AA0A-4DD5-9EB2-20BC740184B7}.Debug|x64.ActiveCfg = Debug|Any CPU
		{827248BF-AA0A-4DD5-9EB2-20BC740184B7}.Debug|x64.Build.0 = Debug|Any CPU
		{827248BF-AA0A-4DD5-9EB2-20BC740184B7}.Debug|x86.ActiveCfg = Debug|Any CPU
		{827248BF-AA0A-4DD5-9EB2-20BC740184B7}.Debug|x86.Build.0 = Debug|Any CPU
		{827248BF-AA0A-4DD5-9EB2-20BC740184B7}.Release|Any CPU.ActiveCfg = Release|Any CPU
		{827248BF-AA0A-4DD5-9EB2-20BC740184B7}.Release|Any CPU.Build.0 = Release|Any CPU
		{827248BF-AA0A-4DD5-9EB2-20BC740184B7}.Release|x64.ActiveCfg = Release|Any CPU
		{827248BF-AA0A-4DD5-9EB2-20BC740184B7}.Release|x64.Build.0 = Release|Any CPU
		{827248BF-AA0A-4DD5-9EB2-20BC740184B7}.Release|x86.ActiveCfg = Release|Any CPU
		{827248BF-AA0A-4DD5-9EB2-20BC740184B7}.Release|x86.Build.0 = Release|Any CPU
		{F413AB73-BF9A-4E1D-A29A-0725E73027D1}.Debug|Any CPU.ActiveCfg = Debug|Any CPU
		{F413AB73-BF9A-4E1D-A29A-0725E73027D1}.Debug|Any CPU.Build.0 = Debug|Any CPU
		{F413AB73-BF9A-4E1D-A29A-0725E73027D1}.Debug|x64.ActiveCfg = Debug|Any CPU
		{F413AB73-BF9A-4E1D-A29A-0725E73027D1}.Debug|x64.Build.0 = Debug|Any CPU
		{F413AB73-BF9A-4E1D-A29A-0725E73027D1}.Debug|x86.ActiveCfg = Debug|Any CPU
		{F413AB73-BF9A-4E1D-A29A-0725E73027D1}.Debug|x86.Build.0 = Debug|Any CPU
		{F413AB73-BF9A-4E1D-A29A-0725E73027D1}.Release|Any CPU.ActiveCfg = Release|Any CPU
		{F413AB73-BF9A-4E1D-A29A-0725E73027D1}.Release|Any CPU.Build.0 = Release|Any CPU
		{F413AB73-BF9A-4E1D-A29A-0725E73027D1}.Release|x64.ActiveCfg = Release|Any CPU
		{F413AB73-BF9A-4E1D-A29A-0725E73027D1}.Release|x64.Build.0 = Release|Any CPU
		{F413AB73-BF9A-4E1D-A29A-0725E73027D1}.Release|x86.ActiveCfg = Release|Any CPU
		{F413AB73-BF9A-4E1D-A29A-0725E73027D1}.Release|x86.Build.0 = Release|Any CPU
		{20C2537F-8EE7-4B49-A665-CFFAB85579BC}.Debug|Any CPU.ActiveCfg = Debug|Any CPU
		{20C2537F-8EE7-4B49-A665-CFFAB85579BC}.Debug|Any CPU.Build.0 = Debug|Any CPU
		{20C2537F-8EE7-4B49-A665-CFFAB85579BC}.Debug|x64.ActiveCfg = Debug|Any CPU
		{20C2537F-8EE7-4B49-A665-CFFAB85579BC}.Debug|x64.Build.0 = Debug|Any CPU
		{20C2537F-8EE7-4B49-A665-CFFAB85579BC}.Debug|x86.ActiveCfg = Debug|Any CPU
		{20C2537F-8EE7-4B49-A665-CFFAB85579BC}.Debug|x86.Build.0 = Debug|Any CPU
		{20C2537F-8EE7-4B49-A665-CFFAB85579BC}.Release|Any CPU.ActiveCfg = Release|Any CPU
		{20C2537F-8EE7-4B49-A665-CFFAB85579BC}.Release|Any CPU.Build.0 = Release|Any CPU
		{20C2537F-8EE7-4B49-A665-CFFAB85579BC}.Release|x64.ActiveCfg = Release|Any CPU
		{20C2537F-8EE7-4B49-A665-CFFAB85579BC}.Release|x64.Build.0 = Release|Any CPU
		{20C2537F-8EE7-4B49-A665-CFFAB85579BC}.Release|x86.ActiveCfg = Release|Any CPU
		{20C2537F-8EE7-4B49-A665-CFFAB85579BC}.Release|x86.Build.0 = Release|Any CPU
		{85AE52FF-0B82-4D32-852B-17F4E4558126}.Debug|Any CPU.ActiveCfg = Debug|Any CPU
		{85AE52FF-0B82-4D32-852B-17F4E4558126}.Debug|Any CPU.Build.0 = Debug|Any CPU
		{85AE52FF-0B82-4D32-852B-17F4E4558126}.Debug|x64.ActiveCfg = Debug|Any CPU
		{85AE52FF-0B82-4D32-852B-17F4E4558126}.Debug|x64.Build.0 = Debug|Any CPU
		{85AE52FF-0B82-4D32-852B-17F4E4558126}.Debug|x86.ActiveCfg = Debug|Any CPU
		{85AE52FF-0B82-4D32-852B-17F4E4558126}.Debug|x86.Build.0 = Debug|Any CPU
		{85AE52FF-0B82-4D32-852B-17F4E4558126}.Release|Any CPU.ActiveCfg = Release|Any CPU
		{85AE52FF-0B82-4D32-852B-17F4E4558126}.Release|Any CPU.Build.0 = Release|Any CPU
		{85AE52FF-0B82-4D32-852B-17F4E4558126}.Release|x64.ActiveCfg = Release|Any CPU
		{85AE52FF-0B82-4D32-852B-17F4E4558126}.Release|x64.Build.0 = Release|Any CPU
		{85AE52FF-0B82-4D32-852B-17F4E4558126}.Release|x86.ActiveCfg = Release|Any CPU
		{85AE52FF-0B82-4D32-852B-17F4E4558126}.Release|x86.Build.0 = Release|Any CPU
	EndGlobalSection
	GlobalSection(NestedProjects) = preSolution
		{287FEF56-9D8B-4403-8A99-A5A7905F8843} = {01764EFE-B10B-4727-AFA3-4D7C04540253}
		{827248BF-AA0A-4DD5-9EB2-20BC740184B7} = {01764EFE-B10B-4727-AFA3-4D7C04540253}
		{F413AB73-BF9A-4E1D-A29A-0725E73027D1} = {01764EFE-B10B-4727-AFA3-4D7C04540253}
		{20C2537F-8EE7-4B49-A665-CFFAB85579BC} = {01764EFE-B10B-4727-AFA3-4D7C04540253}
		{85AE52FF-0B82-4D32-852B-17F4E4558126} = {01764EFE-B10B-4727-AFA3-4D7C04540253}
	EndGlobalSection
EndGlobal
